
Microsoft Visual Studio Solution File, Format Version 12.00
# Visual Studio 15
VisualStudioVersion = 15.0.28307.1267
MinimumVisualStudioVersion = 10.0.40219.1
Project("{FAE04EC0-301F-11D3-BF4B-00C04F79EFBC}") = "Obligatorio", "Obligatorio\Obligatorio.csproj", "{EC682B08-C573-4D56-8947-7E2FCB6EE5D7}"
EndProject
Project("{9A19103F-16F7-4668-BE54-9A1E7A4F7556}") = "Dominio", "Dominio\Dominio.csproj", "{8C460D7F-3024-46CB-B636-D146C61C6081}"
EndProject
Global
	GlobalSection(SolutionConfigurationPlatforms) = preSolution
		Debug|Any CPU = Debug|Any CPU
		Release|Any CPU = Release|Any CPU
	EndGlobalSection
	GlobalSection(ProjectConfigurationPlatforms) = postSolution
		{EC682B08-C573-4D56-8947-7E2FCB6EE5D7}.Debug|Any CPU.ActiveCfg = Debug|Any CPU
		{EC682B08-C573-4D56-8947-7E2FCB6EE5D7}.Debug|Any CPU.Build.0 = Debug|Any CPU
		{EC682B08-C573-4D56-8947-7E2FCB6EE5D7}.Release|Any CPU.ActiveCfg = Release|Any CPU
		{EC682B08-C573-4D56-8947-7E2FCB6EE5D7}.Release|Any CPU.Build.0 = Release|Any CPU
		{8C460D7F-3024-46CB-B636-D146C61C6081}.Debug|Any CPU.ActiveCfg = Debug|Any CPU
		{8C460D7F-3024-46CB-B636-D146C61C6081}.Debug|Any CPU.Build.0 = Debug|Any CPU
		{8C460D7F-3024-46CB-B636-D146C61C6081}.Release|Any CPU.ActiveCfg = Release|Any CPU
		{8C460D7F-3024-46CB-B636-D146C61C6081}.Release|Any CPU.Build.0 = Release|Any CPU
	EndGlobalSection
	GlobalSection(SolutionProperties) = preSolution
		HideSolutionNode = FALSE
	EndGlobalSection
	GlobalSection(ExtensibilityGlobals) = postSolution
		SolutionGuid = {E1CCA4E5-EDA4-4400-B9CA-6CF40ACEB95E}
	EndGlobalSection
EndGlobal
